<Solution>
    <Folder Name="/config/">
        <File Path=".github/workflows/notification.api.yml"/>
        <File Path="docker-compose.yml"/>
        <File Path="docker-compose.override.yml"/>
        <File Path=".editorconfig"/>
        <File Path="Directory.Build.props"/>
        <File Path="Directory.Packages.props"/>
    </Folder>
    <Folder Name="/src/">
        <Project Path="src/Notification.Api/Notification.Api.csproj"/>
    </Folder>
    <Folder Name="/tests/">
        <Project Path="tests/Notification.Api.Tests/Notification.Api.Tests.csproj"/>
    </Folder>
</Solution>
